
Microsoft Visual Studio Solution File, Format Version 12.00
# Visual Studio Version 17
VisualStudioVersion = 17.14.36705.20 d17.14
MinimumVisualStudioVersion = 10.0.40219.1
Project("{FAE04EC0-301F-11D3-BF4B-00C04F79EFBC}") = "worker_manager", "worker_manager.csproj", "{F2793910-9E78-4FDF-8507-9899B91D819E}"
EndProject
Global
	GlobalSection(SolutionConfigurationPlatforms) = preSolution
		Debug|Any CPU = Debug|Any CPU
		Release|Any CPU = Release|Any CPU
	EndGlobalSection
	GlobalSection(ProjectConfigurationPlatforms) = postSolution
		{F2793910-9E78-4FDF-8507-9899B91D819E}.Debug|Any CPU.ActiveCfg = Debug|Any CPU
		{F2793910-9E78-4FDF-8507-9899B91D819E}.Debug|Any CPU.Build.0 = Debug|Any CPU
		{F2793910-9E78-4FDF-8507-9899B91D819E}.Release|Any CPU.ActiveCfg = Release|Any CPU
		{F2793910-9E78-4FDF-8507-9899B91D819E}.Release|Any CPU.Build.0 = Release|Any CPU
	EndGlobalSection
	GlobalSection(SolutionProperties) = preSolution
		HideSolutionNode = FALSE
	EndGlobalSection
	GlobalSection(ExtensibilityGlobals) = postSolution
		SolutionGuid = {61B48756-FDBF-426C-8690-33C69CF7BAB9}
	EndGlobalSection
EndGlobal
