
Microsoft Visual Studio Solution File, Format Version 12.00
# Visual Studio Version 17
VisualStudioVersion = 17.13.35931.197 d17.13
MinimumVisualStudioVersion = 10.0.40219.1
Project("{FAE04EC0-301F-11D3-BF4B-00C04F79EFBC}") = "LogClient", "LogClient.csproj", "{34F29D38-A194-4F40-8E61-2AC201D55E0A}"
EndProject
Global
	GlobalSection(SolutionConfigurationPlatforms) = preSolution
		Debug|Any CPU = Debug|Any CPU
		Release|Any CPU = Release|Any CPU
	EndGlobalSection
	GlobalSection(ProjectConfigurationPlatforms) = postSolution
		{34F29D38-A194-4F40-8E61-2AC201D55E0A}.Debug|Any CPU.ActiveCfg = Debug|Any CPU
		{34F29D38-A194-4F40-8E61-2AC201D55E0A}.Debug|Any CPU.Build.0 = Debug|Any CPU
		{34F29D38-A194-4F40-8E61-2AC201D55E0A}.Release|Any CPU.ActiveCfg = Release|Any CPU
		{34F29D38-A194-4F40-8E61-2AC201D55E0A}.Release|Any CPU.Build.0 = Release|Any CPU
	EndGlobalSection
	GlobalSection(SolutionProperties) = preSolution
		HideSolutionNode = FALSE
	EndGlobalSection
	GlobalSection(ExtensibilityGlobals) = postSolution
		SolutionGuid = {4A3D28C3-ED11-4A56-8D56-48A6591B7A3C}
	EndGlobalSection
EndGlobal
