
Microsoft Visual Studio Solution File, Format Version 12.00
# Visual Studio Version 17
VisualStudioVersion = 17.14.36408.4
MinimumVisualStudioVersion = 10.0.40219.1
Project("{FAE04EC0-301F-11D3-BF4B-00C04F79EFBC}") = "Offer_collector", "Offer_collector.csproj", "{0B6E66C5-8C22-34DD-6FC6-9F2C609DB896}"
EndProject
Global
	GlobalSection(SolutionConfigurationPlatforms) = preSolution
		Debug|Any CPU = Debug|Any CPU
		Debug|x64 = Debug|x64
		Release|Any CPU = Release|Any CPU
		Release|x64 = Release|x64
	EndGlobalSection
	GlobalSection(ProjectConfigurationPlatforms) = postSolution
		{0B6E66C5-8C22-34DD-6FC6-9F2C609DB896}.Debug|Any CPU.ActiveCfg = Debug|Any CPU
		{0B6E66C5-8C22-34DD-6FC6-9F2C609DB896}.Debug|Any CPU.Build.0 = Debug|Any CPU
		{0B6E66C5-8C22-34DD-6FC6-9F2C609DB896}.Debug|x64.ActiveCfg = Debug|x64
		{0B6E66C5-8C22-34DD-6FC6-9F2C609DB896}.Debug|x64.Build.0 = Debug|x64
		{0B6E66C5-8C22-34DD-6FC6-9F2C609DB896}.Release|Any CPU.ActiveCfg = Release|Any CPU
		{0B6E66C5-8C22-34DD-6FC6-9F2C609DB896}.Release|Any CPU.Build.0 = Release|Any CPU
		{0B6E66C5-8C22-34DD-6FC6-9F2C609DB896}.Release|x64.ActiveCfg = Release|x64
		{0B6E66C5-8C22-34DD-6FC6-9F2C609DB896}.Release|x64.Build.0 = Release|x64
	EndGlobalSection
	GlobalSection(SolutionProperties) = preSolution
		HideSolutionNode = FALSE
	EndGlobalSection
	GlobalSection(ExtensibilityGlobals) = postSolution
		SolutionGuid = {EBDDFF77-9ADA-4F0A-8A71-0D05FBC6845C}
	EndGlobalSection
EndGlobal
