
Microsoft Visual Studio Solution File, Format Version 12.00
# Visual Studio Version 17
VisualStudioVersion = 17.14.36511.14 d17.14
MinimumVisualStudioVersion = 10.0.40219.1
Project("{FAE04EC0-301F-11D3-BF4B-00C04F79EFBC}") = "shared_models", "shared_models.csproj", "{27E1F6BF-9E2C-021E-0C09-8D7A593EECEB}"
EndProject
Global
	GlobalSection(SolutionConfigurationPlatforms) = preSolution
		Debug|Any CPU = Debug|Any CPU
		Release|Any CPU = Release|Any CPU
	EndGlobalSection
	GlobalSection(ProjectConfigurationPlatforms) = postSolution
		{27E1F6BF-9E2C-021E-0C09-8D7A593EECEB}.Debug|Any CPU.ActiveCfg = Debug|Any CPU
		{27E1F6BF-9E2C-021E-0C09-8D7A593EECEB}.Debug|Any CPU.Build.0 = Debug|Any CPU
		{27E1F6BF-9E2C-021E-0C09-8D7A593EECEB}.Release|Any CPU.ActiveCfg = Release|Any CPU
		{27E1F6BF-9E2C-021E-0C09-8D7A593EECEB}.Release|Any CPU.Build.0 = Release|Any CPU
	EndGlobalSection
	GlobalSection(SolutionProperties) = preSolution
		HideSolutionNode = FALSE
	EndGlobalSection
	GlobalSection(ExtensibilityGlobals) = postSolution
		SolutionGuid = {870FD5AE-20DD-412E-ABA9-7E2A562590A3}
	EndGlobalSection
EndGlobal
